# Six-week public knowledge baseline.
# Patch versions are intentionally frozen; update them only through a reviewed
# baseline change with content and lab regression tests.
reviewed_at: "2026-07-27"

java:
  jdk: "25"
  status: "GA"
  source: "https://openjdk.org/projects/jdk/25/"

spring:
  boot: "4.0.7"
  framework: "7.0.8"
  ai: "2.0.0"
  ai_bom: "org.springframework.ai:spring-ai-bom:2.0.0"
  source: "https://docs.spring.io/spring-ai/reference/getting-started.html"

protocols:
  mcp: "2025-11-25"
  mcp_source: "https://modelcontextprotocol.io/specification/2025-11-25/"
  a2a: "1.0"
  a2a_java_sdk: "1.1.0.Final"
  a2a_source: "https://a2a-protocol.org/latest/specification/"

security:
  owasp_genai_top_10: "2025"
  source: "https://genai.owasp.org/llm-top-10/"
